
Microsoft Visual Studio Solution File, Format Version 12.00
# Visual Studio Version 17
VisualStudioVersion = 17.5.002.0
MinimumVisualStudioVersion = 10.0.40219.1
Project("{9A19103F-16F7-4668-BE54-9A1E7A4F7556}") = "Task.1", "Task.1\Task.1.csproj", "{8A53A60C-20B7-49C2-8CCE-7B8AC135C2B1}"
EndProject
Project("{FAE04EC0-301F-11D3-BF4B-00C04F79EFBC}") = "Task2", "Task2\Task2.csproj", "{C027860B-D03E-4AE4-8CF1-A0784136E9F5}"
EndProject
Project("{FAE04EC0-301F-11D3-BF4B-00C04F79EFBC}") = "Task3", "Task3\Task3.csproj", "{10865B2F-786D-4AF6-BC95-6785C8727ACE}"
EndProject
Global
	GlobalSection(SolutionConfigurationPlatforms) = preSolution
		Debug|Any CPU = Debug|Any CPU
		Release|Any CPU = Release|Any CPU
	EndGlobalSection
	GlobalSection(ProjectConfigurationPlatforms) = postSolution
		{8A53A60C-20B7-49C2-8CCE-7B8AC135C2B1}.Debug|Any CPU.ActiveCfg = Debug|Any CPU
		{8A53A60C-20B7-49C2-8CCE-7B8AC135C2B1}.Debug|Any CPU.Build.0 = Debug|Any CPU
		{8A53A60C-20B7-49C2-8CCE-7B8AC135C2B1}.Release|Any CPU.ActiveCfg = Release|Any CPU
		{8A53A60C-20B7-49C2-8CCE-7B8AC135C2B1}.Release|Any CPU.Build.0 = Release|Any CPU
		{C027860B-D03E-4AE4-8CF1-A0784136E9F5}.Debug|Any CPU.ActiveCfg = Debug|Any CPU
		{C027860B-D03E-4AE4-8CF1-A0784136E9F5}.Debug|Any CPU.Build.0 = Debug|Any CPU
		{C027860B-D03E-4AE4-8CF1-A0784136E9F5}.Release|Any CPU.ActiveCfg = Release|Any CPU
		{C027860B-D03E-4AE4-8CF1-A0784136E9F5}.Release|Any CPU.Build.0 = Release|Any CPU
		{10865B2F-786D-4AF6-BC95-6785C8727ACE}.Debug|Any CPU.ActiveCfg = Debug|Any CPU
		{10865B2F-786D-4AF6-BC95-6785C8727ACE}.Debug|Any CPU.Build.0 = Debug|Any CPU
		{10865B2F-786D-4AF6-BC95-6785C8727ACE}.Release|Any CPU.ActiveCfg = Release|Any CPU
		{10865B2F-786D-4AF6-BC95-6785C8727ACE}.Release|Any CPU.Build.0 = Release|Any CPU
	EndGlobalSection
	GlobalSection(SolutionProperties) = preSolution
		HideSolutionNode = FALSE
	EndGlobalSection
	GlobalSection(ExtensibilityGlobals) = postSolution
		SolutionGuid = {CF5BA094-C4F9-4622-842A-084490D35E0B}
	EndGlobalSection
EndGlobal
